{
  "name": "opce-report",
  "version": "1.0.0",
  "lockfileVersion": 3,
  "requires": true,
  "packages": {
    "": {
      "name": "opce-report",
      "version": "1.0.0",
      "license": "ISC",
      "dependencies": {
        "autoprefixer": "^10.4.19",
        "postcss": "^8.4.38",
        "postcss-cli": "^11.0.0",
        "tailwind": "^4.0.0"
      },
      "devDependencies": {
        "@babel/core": "^7.24.6",
        "@babel/preset-env": "^7.24.6",
        "babel-loader": "^9.1.3",
        "concurrently": "^8.2.2",
        "tailwindcss": "^3.4.3",
        "webpack": "^5.91.0",
        "webpack-cli": "^5.1.4"
      }
    }
}
}
